
Microsoft Visual Studio Solution File, Format Version 12.00
# Visual Studio Version 16
VisualStudioVersion = 16.0.30907.101
MinimumVisualStudioVersion = 10.0.40219.1
Project("{FAE04EC0-301F-11D3-BF4B-00C04F79EFBC}") = "Project5", "Project5\Project5.csproj", "{21F347B5-E011-4C81-AA60-E91B29B91F7A}"
EndProject
Global
	GlobalSection(SolutionConfigurationPlatforms) = preSolution
		Debug|Any CPU = Debug|Any CPU
		Release|Any CPU = Release|Any CPU
	EndGlobalSection
	GlobalSection(ProjectConfigurationPlatforms) = postSolution
		{21F347B5-E011-4C81-AA60-E91B29B91F7A}.Debug|Any CPU.ActiveCfg = Debug|Any CPU
		{21F347B5-E011-4C81-AA60-E91B29B91F7A}.Debug|Any CPU.Build.0 = Debug|Any CPU
		{21F347B5-E011-4C81-AA60-E91B29B91F7A}.Release|Any CPU.ActiveCfg = Release|Any CPU
		{21F347B5-E011-4C81-AA60-E91B29B91F7A}.Release|Any CPU.Build.0 = Release|Any CPU
	EndGlobalSection
	GlobalSection(SolutionProperties) = preSolution
		HideSolutionNode = FALSE
	EndGlobalSection
	GlobalSection(ExtensibilityGlobals) = postSolution
		SolutionGuid = {578D427F-48C3-4ECC-B3BA-45F8A6EDEDFD}
	EndGlobalSection
EndGlobal
